
Microsoft Visual Studio Solution File, Format Version 12.00
# Visual Studio Version 17
VisualStudioVersion = 17.14.36401.2
MinimumVisualStudioVersion = 10.0.40219.1
Project("{FAE04EC0-301F-11D3-BF4B-00C04F79EFBC}") = "InsuranceApp.Api", "InsuranceApp.Api\InsuranceApp.Api.csproj", "{5F7CD6B2-A2D3-4487-B65B-203F259E8734}"
EndProject
Project("{FAE04EC0-301F-11D3-BF4B-00C04F79EFBC}") = "InsuranceApp.Data", "InsuranceApp.Data\InsuranceApp.Data.csproj", "{238BB471-62DB-4E01-81BD-BE58001E8D89}"
EndProject
Project("{2150E333-8FDC-42A3-9474-1A3956D46DE8}") = "Solution Items", "Solution Items", "{8EC462FD-D22E-90A8-E5CE-7E832BA40C5D}"
	ProjectSection(SolutionItems) = preProject
		TODO.txt = TODO.txt
	EndProjectSection
EndProject
Global
	GlobalSection(SolutionConfigurationPlatforms) = preSolution
		Debug|Any CPU = Debug|Any CPU
		Release|Any CPU = Release|Any CPU
	EndGlobalSection
	GlobalSection(ProjectConfigurationPlatforms) = postSolution
		{5F7CD6B2-A2D3-4487-B65B-203F259E8734}.Debug|Any CPU.ActiveCfg = Debug|Any CPU
		{5F7CD6B2-A2D3-4487-B65B-203F259E8734}.Debug|Any CPU.Build.0 = Debug|Any CPU
		{5F7CD6B2-A2D3-4487-B65B-203F259E8734}.Release|Any CPU.ActiveCfg = Release|Any CPU
		{5F7CD6B2-A2D3-4487-B65B-203F259E8734}.Release|Any CPU.Build.0 = Release|Any CPU
		{238BB471-62DB-4E01-81BD-BE58001E8D89}.Debug|Any CPU.ActiveCfg = Debug|Any CPU
		{238BB471-62DB-4E01-81BD-BE58001E8D89}.Debug|Any CPU.Build.0 = Debug|Any CPU
		{238BB471-62DB-4E01-81BD-BE58001E8D89}.Release|Any CPU.ActiveCfg = Release|Any CPU
		{238BB471-62DB-4E01-81BD-BE58001E8D89}.Release|Any CPU.Build.0 = Release|Any CPU
	EndGlobalSection
	GlobalSection(SolutionProperties) = preSolution
		HideSolutionNode = FALSE
	EndGlobalSection
	GlobalSection(ExtensibilityGlobals) = postSolution
		SolutionGuid = {6655B0F4-2927-4626-AE61-EB3891040FE8}
	EndGlobalSection
EndGlobal
